
Microsoft Visual Studio Solution File, Format Version 12.00
# Visual Studio Version 17
VisualStudioVersion = 17.1.32210.238
MinimumVisualStudioVersion = 10.0.40219.1
Project("{FAE04EC0-301F-11D3-BF4B-00C04F79EFBC}") = "WebApi", "WebApi\WebApi.csproj", "{1AC0D06F-9408-4481-A4BF-7B1486423642}"
EndProject
Global
	GlobalSection(SolutionConfigurationPlatforms) = preSolution
		Debug|Any CPU = Debug|Any CPU
		Release|Any CPU = Release|Any CPU
	EndGlobalSection
	GlobalSection(ProjectConfigurationPlatforms) = postSolution
		{1AC0D06F-9408-4481-A4BF-7B1486423642}.Debug|Any CPU.ActiveCfg = Debug|Any CPU
		{1AC0D06F-9408-4481-A4BF-7B1486423642}.Debug|Any CPU.Build.0 = Debug|Any CPU
		{1AC0D06F-9408-4481-A4BF-7B1486423642}.Release|Any CPU.ActiveCfg = Release|Any CPU
		{1AC0D06F-9408-4481-A4BF-7B1486423642}.Release|Any CPU.Build.0 = Release|Any CPU
	EndGlobalSection
	GlobalSection(SolutionProperties) = preSolution
		HideSolutionNode = FALSE
	EndGlobalSection
	GlobalSection(ExtensibilityGlobals) = postSolution
		SolutionGuid = {C589DD9F-CEEB-4C0C-A312-46FBB7A24531}
	EndGlobalSection
EndGlobal
